
Microsoft Visual Studio Solution File, Format Version 12.00
# Visual Studio 15
VisualStudioVersion = 15.0.27428.2037
MinimumVisualStudioVersion = 10.0.40219.1
Project("{FAE04EC0-301F-11D3-BF4B-00C04F79EFBC}") = "DataAccess", "DataAccess\DataAccess.csproj", "{DEA908A5-3703-4523-A36D-61ACFBDBCB43}"
EndProject
Project("{FAE04EC0-301F-11D3-BF4B-00C04F79EFBC}") = "BussinessLogic", "BussinessLogic\BussinessLogic.csproj", "{BEC972DB-9911-4447-A8FE-B88F8739814E}"
EndProject
Project("{FAE04EC0-301F-11D3-BF4B-00C04F79EFBC}") = "LawPracticeFirm", "LawPracticeFirm\LawPracticeFirm.csproj", "{AC7251D0-7E86-41DF-A577-C1759102830A}"
EndProject
Global
	GlobalSection(SolutionConfigurationPlatforms) = preSolution
		Debug|Any CPU = Debug|Any CPU
		Release|Any CPU = Release|Any CPU
	EndGlobalSection
	GlobalSection(ProjectConfigurationPlatforms) = postSolution
		{DEA908A5-3703-4523-A36D-61ACFBDBCB43}.Debug|Any CPU.ActiveCfg = Debug|Any CPU
		{DEA908A5-3703-4523-A36D-61ACFBDBCB43}.Debug|Any CPU.Build.0 = Debug|Any CPU
		{DEA908A5-3703-4523-A36D-61ACFBDBCB43}.Release|Any CPU.ActiveCfg = Release|Any CPU
		{DEA908A5-3703-4523-A36D-61ACFBDBCB43}.Release|Any CPU.Build.0 = Release|Any CPU
		{BEC972DB-9911-4447-A8FE-B88F8739814E}.Debug|Any CPU.ActiveCfg = Debug|Any CPU
		{BEC972DB-9911-4447-A8FE-B88F8739814E}.Debug|Any CPU.Build.0 = Debug|Any CPU
		{BEC972DB-9911-4447-A8FE-B88F8739814E}.Release|Any CPU.ActiveCfg = Release|Any CPU
		{BEC972DB-9911-4447-A8FE-B88F8739814E}.Release|Any CPU.Build.0 = Release|Any CPU
		{AC7251D0-7E86-41DF-A577-C1759102830A}.Debug|Any CPU.ActiveCfg = Debug|Any CPU
		{AC7251D0-7E86-41DF-A577-C1759102830A}.Debug|Any CPU.Build.0 = Debug|Any CPU
		{AC7251D0-7E86-41DF-A577-C1759102830A}.Release|Any CPU.ActiveCfg = Release|Any CPU
		{AC7251D0-7E86-41DF-A577-C1759102830A}.Release|Any CPU.Build.0 = Release|Any CPU
	EndGlobalSection
	GlobalSection(SolutionProperties) = preSolution
		HideSolutionNode = FALSE
	EndGlobalSection
	GlobalSection(ExtensibilityGlobals) = postSolution
		SolutionGuid = {B15108D1-6E72-4EAF-A019-CAEADC62F249}
	EndGlobalSection
EndGlobal
